
Microsoft Visual Studio Solution File, Format Version 12.00
# Visual Studio Version 16
VisualStudioVersion = 16.0.31702.278
MinimumVisualStudioVersion = 10.0.40219.1
Project("{8BC9CEB8-8B4A-11D0-8D11-00A0C91BC942}") = "Breakout", "Breakout.vcxproj", "{0601E289-E115-4575-8600-151152F150EE}"
EndProject
Global
	GlobalSection(SolutionConfigurationPlatforms) = preSolution
		Debug|x64 = Debug|x64
		Debug|x86 = Debug|x86
		Release|x64 = Release|x64
		Release|x86 = Release|x86
	EndGlobalSection
	GlobalSection(ProjectConfigurationPlatforms) = postSolution
		{0601E289-E115-4575-8600-151152F150EE}.Debug|x64.ActiveCfg = Debug|x64
		{0601E289-E115-4575-8600-151152F150EE}.Debug|x64.Build.0 = Debug|x64
		{0601E289-E115-4575-8600-151152F150EE}.Debug|x86.ActiveCfg = Debug|Win32
		{0601E289-E115-4575-8600-151152F150EE}.Debug|x86.Build.0 = Debug|Win32
		{0601E289-E115-4575-8600-151152F150EE}.Release|x64.ActiveCfg = Release|x64
		{0601E289-E115-4575-8600-151152F150EE}.Release|x64.Build.0 = Release|x64
		{0601E289-E115-4575-8600-151152F150EE}.Release|x86.ActiveCfg = Release|Win32
		{0601E289-E115-4575-8600-151152F150EE}.Release|x86.Build.0 = Release|Win32
	EndGlobalSection
	GlobalSection(SolutionProperties) = preSolution
		HideSolutionNode = FALSE
	EndGlobalSection
	GlobalSection(ExtensibilityGlobals) = postSolution
		SolutionGuid = {FE1713C7-E126-445A-865F-D4186FA64677}
	EndGlobalSection
EndGlobal
